
Microsoft Visual Studio Solution File, Format Version 12.00
# Visual Studio Version 17
VisualStudioVersion = 17.11.35222.181
MinimumVisualStudioVersion = 10.0.40219.1
Project("{FAE04EC0-301F-11D3-BF4B-00C04F79EFBC}") = "Presentation", "Presentation\Presentation.csproj", "{8C47F34D-9349-4B98-8B1F-5C245766BE2B}"
EndProject
Project("{FAE04EC0-301F-11D3-BF4B-00C04F79EFBC}") = "Domain", "Domain\Domain.csproj", "{750693F8-1342-4873-8FCF-DD4AFF5EFC2F}"
EndProject
Project("{FAE04EC0-301F-11D3-BF4B-00C04F79EFBC}") = "DataAccess", "DataAccess\DataAccess.csproj", "{097483B8-92A3-45EB-8C54-B5F518987BFE}"
EndProject
Project("{FAE04EC0-301F-11D3-BF4B-00C04F79EFBC}") = "Common", "Common\Common.csproj", "{4556D29C-3C2F-4DC8-BC76-222A629784B0}"
EndProject
Global
	GlobalSection(SolutionConfigurationPlatforms) = preSolution
		Debug|Any CPU = Debug|Any CPU
		Release|Any CPU = Release|Any CPU
	EndGlobalSection
	GlobalSection(ProjectConfigurationPlatforms) = postSolution
		{8C47F34D-9349-4B98-8B1F-5C245766BE2B}.Debug|Any CPU.ActiveCfg = Debug|Any CPU
		{8C47F34D-9349-4B98-8B1F-5C245766BE2B}.Debug|Any CPU.Build.0 = Debug|Any CPU
		{8C47F34D-9349-4B98-8B1F-5C245766BE2B}.Release|Any CPU.ActiveCfg = Release|Any CPU
		{8C47F34D-9349-4B98-8B1F-5C245766BE2B}.Release|Any CPU.Build.0 = Release|Any CPU
		{750693F8-1342-4873-8FCF-DD4AFF5EFC2F}.Debug|Any CPU.ActiveCfg = Debug|Any CPU
		{750693F8-1342-4873-8FCF-DD4AFF5EFC2F}.Debug|Any CPU.Build.0 = Debug|Any CPU
		{750693F8-1342-4873-8FCF-DD4AFF5EFC2F}.Release|Any CPU.ActiveCfg = Release|Any CPU
		{750693F8-1342-4873-8FCF-DD4AFF5EFC2F}.Release|Any CPU.Build.0 = Release|Any CPU
		{097483B8-92A3-45EB-8C54-B5F518987BFE}.Debug|Any CPU.ActiveCfg = Debug|Any CPU
		{097483B8-92A3-45EB-8C54-B5F518987BFE}.Debug|Any CPU.Build.0 = Debug|Any CPU
		{097483B8-92A3-45EB-8C54-B5F518987BFE}.Release|Any CPU.ActiveCfg = Release|Any CPU
		{097483B8-92A3-45EB-8C54-B5F518987BFE}.Release|Any CPU.Build.0 = Release|Any CPU
		{4556D29C-3C2F-4DC8-BC76-222A629784B0}.Debug|Any CPU.ActiveCfg = Debug|Any CPU
		{4556D29C-3C2F-4DC8-BC76-222A629784B0}.Debug|Any CPU.Build.0 = Debug|Any CPU
		{4556D29C-3C2F-4DC8-BC76-222A629784B0}.Release|Any CPU.ActiveCfg = Release|Any CPU
		{4556D29C-3C2F-4DC8-BC76-222A629784B0}.Release|Any CPU.Build.0 = Release|Any CPU
	EndGlobalSection
	GlobalSection(SolutionProperties) = preSolution
		HideSolutionNode = FALSE
	EndGlobalSection
	GlobalSection(ExtensibilityGlobals) = postSolution
		SolutionGuid = {EDBCD945-D707-42AD-9045-624E0E857145}
	EndGlobalSection
EndGlobal
